{
  "version": "5",
  "specifiers": {
    "jsr:@mewhhaha/baba@6.1.0": "6.1.0"
  },
  "jsr": {
    "@mewhhaha/baba@6.1.0": {
      "integrity": "b33c190bff560c41a20af553302c6b3745ddf06fbc263f40d2ab8aedcfc54f76"
    }
  },
  "workspace": {
    "dependencies": [
      "jsr:@mewhhaha/baba@6.1.0"
    ]
  }
}
