{
  "version": "5",
  "specifiers": {
    "jsr:@mewhhaha/baba@7.10.0": "7.10.0"
  },
  "jsr": {
    "@mewhhaha/baba@7.10.0": {
      "integrity": "391e12da0db4bb28ef351f62261b752172a1148fe79c91b6bb287108882902df"
    }
  },
  "workspace": {
    "dependencies": [
      "jsr:@mewhhaha/baba@7.10.0"
    ]
  }
}
